
Microsoft Visual Studio Solution File, Format Version 12.00
# Visual Studio Version 16
VisualStudioVersion = 16.0.32630.194
MinimumVisualStudioVersion = 10.0.40219.1
Project("{FAE04EC0-301F-11D3-BF4B-00C04F79EFBC}") = "Ejercicios_Semana4", "Ejercicios_Semana4\Ejercicios_Semana4.csproj", "{716072C9-29F4-41E1-96CC-0A7BAC562C34}"
EndProject
Global
	GlobalSection(SolutionConfigurationPlatforms) = preSolution
		Debug|Any CPU = Debug|Any CPU
		Release|Any CPU = Release|Any CPU
	EndGlobalSection
	GlobalSection(ProjectConfigurationPlatforms) = postSolution
		{716072C9-29F4-41E1-96CC-0A7BAC562C34}.Debug|Any CPU.ActiveCfg = Debug|Any CPU
		{716072C9-29F4-41E1-96CC-0A7BAC562C34}.Debug|Any CPU.Build.0 = Debug|Any CPU
		{716072C9-29F4-41E1-96CC-0A7BAC562C34}.Release|Any CPU.ActiveCfg = Release|Any CPU
		{716072C9-29F4-41E1-96CC-0A7BAC562C34}.Release|Any CPU.Build.0 = Release|Any CPU
	EndGlobalSection
	GlobalSection(SolutionProperties) = preSolution
		HideSolutionNode = FALSE
	EndGlobalSection
	GlobalSection(ExtensibilityGlobals) = postSolution
		SolutionGuid = {827D56A7-DF11-4186-BE0F-6CE97549C4FB}
	EndGlobalSection
EndGlobal
