
Microsoft Visual Studio Solution File, Format Version 12.00
# Visual Studio Version 16
VisualStudioVersion = 16.0.32630.194
MinimumVisualStudioVersion = 10.0.40219.1
Project("{FAE04EC0-301F-11D3-BF4B-00C04F79EFBC}") = "Ejercicios_Semana3", "Ejercicios_Semana3\Ejercicios_Semana3.csproj", "{30B9E9D6-D80E-4417-A9CD-5C8A8891F7A1}"
EndProject
Global
	GlobalSection(SolutionConfigurationPlatforms) = preSolution
		Debug|Any CPU = Debug|Any CPU
		Release|Any CPU = Release|Any CPU
	EndGlobalSection
	GlobalSection(ProjectConfigurationPlatforms) = postSolution
		{30B9E9D6-D80E-4417-A9CD-5C8A8891F7A1}.Debug|Any CPU.ActiveCfg = Debug|Any CPU
		{30B9E9D6-D80E-4417-A9CD-5C8A8891F7A1}.Debug|Any CPU.Build.0 = Debug|Any CPU
		{30B9E9D6-D80E-4417-A9CD-5C8A8891F7A1}.Release|Any CPU.ActiveCfg = Release|Any CPU
		{30B9E9D6-D80E-4417-A9CD-5C8A8891F7A1}.Release|Any CPU.Build.0 = Release|Any CPU
	EndGlobalSection
	GlobalSection(SolutionProperties) = preSolution
		HideSolutionNode = FALSE
	EndGlobalSection
	GlobalSection(ExtensibilityGlobals) = postSolution
		SolutionGuid = {D6DE2356-1404-487D-A9B0-9AF707496D01}
	EndGlobalSection
EndGlobal
